// !$*UTF8*$!
{
	archiveVersion = 1;
	classes = {
	};
	objectVersion = 46;
	objects = {

/* Begin PBXBuildFile section */
		C51CE85F19BB7725008099F3 /* AppDelegate.swift in Sources */ = {isa = PBXBuildFile; fileRef = C51CE85E19BB7725008099F3 /* AppDelegate.swift */; };
		C51CE86119BB7725008099F3 /* ViewController.swift in Sources */ = {isa = PBXBuildFile; fileRef = C51CE86019BB7725008099F3 /* ViewController.swift */; };
		C51CE86419BB7725008099F3 /* Main.storyboard in Resources */ = {isa = PBXBuildFile; fileRef = C51CE86219BB7725008099F3 /* Main.storyboard */; };
		C51CE86619BB7725008099F3 /* Images.xcassets in Resources */ = {isa = PBXBuildFile; fileRef = C51CE86519BB7725008099F3 /* Images.xcassets */; };
		C51CE87219BB7725008099F3 /* ContactsTests.swift in Sources */ = {isa = PBXBuildFile; fileRef = C51CE87119BB7725008099F3 /* ContactsTests.swift */; };
		C59CB57A19C1515E0052D844 /* Apple_Computer_Logo_rainbow.svg.png in Resources */ = {isa = PBXBuildFile; fileRef = C59CB57919C1515E0052D844 /* Apple_Computer_Logo_rainbow.svg.png */; };
		C59CB57C19C154A70052D844 /* Contacts.swift in Sources */ = {isa = PBXBuildFile; fileRef = C59CB57B19C154A70052D844 /* Contacts.swift */; };
		C5E2228C19C4D83D0029171D /* ContactDetails.swift in Sources */ = {isa = PBXBuildFile; fileRef = C5E2228B19C4D83D0029171D /* ContactDetails.swift */; };
/* End PBXBuildFile section */

/* Begin PBXContainerItemProxy section */
		C51CE86C19BB7725008099F3 /* PBXContainerItemProxy */ = {
			isa = PBXContainerItemProxy;
			containerPortal = C51CE85119BB7725008099F3 /* Project object */;
			proxyType = 1;
			remoteGlobalIDString = C51CE85819BB7725008099F3;
			remoteInfo = Contacts;
		};
/* End PBXContainerItemProxy section */

/* Begin PBXFileReference section */
		C51CE85919BB7725008099F3 /* Contacts.app */ = {isa = PBXFileReference; explicitFileType = wrapper.application; includeInIndex = 0; path = Contacts.app; sourceTree = BUILT_PRODUCTS_DIR; };
		C51CE85D19BB7725008099F3 /* Info.plist */ = {isa = PBXFileReference; lastKnownFileType = text.plist.xml; path = Info.plist; sourceTree = "<group>"; };
		C51CE85E19BB7725008099F3 /* AppDelegate.swift */ = {isa = PBXFileReference; lastKnownFileType = sourcecode.swift; path = AppDelegate.swift; sourceTree = "<group>"; };
		C51CE86019BB7725008099F3 /* ViewController.swift */ = {isa = PBXFileReference; lastKnownFileType = sourcecode.swift; path = ViewController.swift; sourceTree = "<group>"; };
		C51CE86319BB7725008099F3 /* Base */ = {isa = PBXFileReference; lastKnownFileType = file.storyboard; name = Base; path = Base.lproj/Main.storyboard; sourceTree = "<group>"; };
		C51CE86519BB7725008099F3 /* Images.xcassets */ = {isa = PBXFileReference; lastKnownFileType = folder.assetcatalog; path = Images.xcassets; sourceTree = "<group>"; };
		C51CE86B19BB7725008099F3 /* ContactsTests.xctest */ = {isa = PBXFileReference; explicitFileType = wrapper.cfbundle; includeInIndex = 0; path = ContactsTests.xctest; sourceTree = BUILT_PRODUCTS_DIR; };
		C51CE87019BB7725008099F3 /* Info.plist */ = {isa = PBXFileReference; lastKnownFileType = text.plist.xml; path = Info.plist; sourceTree = "<group>"; };
		C51CE87119BB7725008099F3 /* ContactsTests.swift */ = {isa = PBXFileReference; lastKnownFileType = sourcecode.swift; path = ContactsTests.swift; sourceTree = "<group>"; };
		C59CB57919C1515E0052D844 /* Apple_Computer_Logo_rainbow.svg.png */ = {isa = PBXFileReference; lastKnownFileType = image.png; path = Apple_Computer_Logo_rainbow.svg.png; sourceTree = "<group>"; };
		C59CB57B19C154A70052D844 /* Contacts.swift */ = {isa = PBXFileReference; fileEncoding = 4; lastKnownFileType = sourcecode.swift; path = Contacts.swift; sourceTree = "<group>"; };
		C5E2228B19C4D83D0029171D /* ContactDetails.swift */ = {isa = PBXFileReference; fileEncoding = 4; lastKnownFileType = sourcecode.swift; path = ContactDetails.swift; sourceTree = "<group>"; };
/* End PBXFileReference section */

/* Begin PBXFrameworksBuildPhase section */
		C51CE85619BB7725008099F3 /* Frameworks */ = {
			isa = PBXFrameworksBuildPhase;
			buildActionMask = 2147483647;
			files = (
			);
			runOnlyForDeploymentPostprocessing = 0;
		};
		C51CE86819BB7725008099F3 /* Frameworks */ = {
			isa = PBXFrameworksBuildPhase;
			buildActionMask = 2147483647;
			files = (
			);
			runOnlyForDeploymentPostprocessing = 0;
		};
/* End PBXFrameworksBuildPhase section */

/* Begin PBXGroup section */
		C51CE85019BB7725008099F3 = {
			isa = PBXGroup;
			children = (
				C51CE85B19BB7725008099F3 /* Contacts */,
				C51CE86E19BB7725008099F3 /* ContactsTests */,
				C51CE85A19BB7725008099F3 /* Products */,
			);
			sourceTree = "<group>";
		};
		C51CE85A19BB7725008099F3 /* Products */ = {
			isa = PBXGroup;
			children = (
				C51CE85919BB7725008099F3 /* Contacts.app */,
				C51CE86B19BB7725008099F3 /* ContactsTests.xctest */,
			);
			name = Products;
			sourceTree = "<group>";
		};
		C51CE85B19BB7725008099F3 /* Contacts */ = {
			isa = PBXGroup;
			children = (
				C51CE85E19BB7725008099F3 /* AppDelegate.swift */,
				C51CE86019BB7725008099F3 /* ViewController.swift */,
				C51CE86219BB7725008099F3 /* Main.storyboard */,
				C5E2228B19C4D83D0029171D /* ContactDetails.swift */,
				C59CB57B19C154A70052D844 /* Contacts.swift */,
				C59CB57919C1515E0052D844 /* Apple_Computer_Logo_rainbow.svg.png */,
				C51CE86519BB7725008099F3 /* Images.xcassets */,
				C51CE85C19BB7725008099F3 /* Supporting Files */,
			);
			path = Contacts;
			sourceTree = "<group>";
		};
		C51CE85C19BB7725008099F3 /* Supporting Files */ = {
			isa = PBXGroup;
			children = (
				C51CE85D19BB7725008099F3 /* Info.plist */,
			);
			name = "Supporting Files";
			sourceTree = "<group>";
		};
		C51CE86E19BB7725008099F3 /* ContactsTests */ = {
			isa = PBXGroup;
			children = (
				C51CE87119BB7725008099F3 /* ContactsTests.swift */,
				C51CE86F19BB7725008099F3 /* Supporting Files */,
			);
			path = ContactsTests;
			sourceTree = "<group>";
		};
		C51CE86F19BB7725008099F3 /* Supporting Files */ = {
			isa = PBXGroup;
			children = (
				C51CE87019BB7725008099F3 /* Info.plist */,
			);
			name = "Supporting Files";
			sourceTree = "<group>";
		};
/* End PBXGroup section */

/* Begin PBXNativeTarget section */
		C51CE85819BB7725008099F3 /* Contacts */ = {
			isa = PBXNativeTarget;
			buildConfigurationList = C51CE87519BB7725008099F3 /* Build configuration list for PBXNativeTarget "Contacts" */;
			buildPhases = (
				C51CE85519BB7725008099F3 /* Sources */,
				C51CE85619BB7725008099F3 /* Frameworks */,
				C51CE85719BB7725008099F3 /* Resources */,
			);
			buildRules = (
			);
			dependencies = (
			);
			name = Contacts;
			productName = Contacts;
			productReference = C51CE85919BB7725008099F3 /* Contacts.app */;
			productType = "com.apple.product-type.application";
		};
		C51CE86A19BB7725008099F3 /* ContactsTests */ = {
			isa = PBXNativeTarget;
			buildConfigurationList = C51CE87819BB7725008099F3 /* Build configuration list for PBXNativeTarget "ContactsTests" */;
			buildPhases = (
				C51CE86719BB7725008099F3 /* Sources */,
				C51CE86819BB7725008099F3 /* Frameworks */,
				C51CE86919BB7725008099F3 /* Resources */,
			);
			buildRules = (
			);
			dependencies = (
				C51CE86D19BB7725008099F3 /* PBXTargetDependency */,
			);
			name = ContactsTests;
			productName = ContactsTests;
			productReference = C51CE86B19BB7725008099F3 /* ContactsTests.xctest */;
			productType = "com.apple.product-type.bundle.unit-test";
		};
/* End PBXNativeTarget section */

/* Begin PBXProject section */
		C51CE85119BB7725008099F3 /* Project object */ = {
			isa = PBXProject;
			attributes = {
				LastUpgradeCheck = 0600;
				ORGANIZATIONNAME = "Chris Sanders";
				TargetAttributes = {
					C51CE85819BB7725008099F3 = {
						CreatedOnToolsVersion = 6.0;
					};
					C51CE86A19BB7725008099F3 = {
						CreatedOnToolsVersion = 6.0;
						TestTargetID = C51CE85819BB7725008099F3;
					};
				};
			};
			buildConfigurationList = C51CE85419BB7725008099F3 /* Build configuration list for PBXProject "Contacts" */;
			compatibilityVersion = "Xcode 3.2";
			developmentRegion = English;
			hasScannedForEncodings = 0;
			knownRegions = (
				en,
				Base,
			);
			mainGroup = C51CE85019BB7725008099F3;
			productRefGroup = C51CE85A19BB7725008099F3 /* Products */;
			projectDirPath = "";
			projectRoot = "";
			targets = (
				C51CE85819BB7725008099F3 /* Contacts */,
				C51CE86A19BB7725008099F3 /* ContactsTests */,
			);
		};
/* End PBXProject section */

/* Begin PBXResourcesBuildPhase section */
		C51CE85719BB7725008099F3 /* Resources */ = {
			isa = PBXResourcesBuildPhase;
			buildActionMask = 2147483647;
			files = (
				C51CE86419BB7725008099F3 /* Main.storyboard in Resources */,
				C51CE86619BB7725008099F3 /* Images.xcassets in Resources */,
				C59CB57A19C1515E0052D844 /* Apple_Computer_Logo_rainbow.svg.png in Resources */,
			);
			runOnlyForDeploymentPostprocessing = 0;
		};
		C51CE86919BB7725008099F3 /* Resources */ = {
			isa = PBXResourcesBuildPhase;
			buildActionMask = 2147483647;
			files = (
			);
			runOnlyForDeploymentPostprocessing = 0;
		};
/* End PBXResourcesBuildPhase section */

/* Begin PBXSourcesBuildPhase section */
		C51CE85519BB7725008099F3 /* Sources */ = {
			isa = PBXSourcesBuildPhase;
			buildActionMask = 2147483647;
			files = (
				C51CE86119BB7725008099F3 /* ViewController.swift in Sources */,
				C5E2228C19C4D83D0029171D /* ContactDetails.swift in Sources */,
				C51CE85F19BB7725008099F3 /* AppDelegate.swift in Sources */,
				C59CB57C19C154A70052D844 /* Contacts.swift in Sources */,
			);
			runOnlyForDeploymentPostprocessing = 0;
		};
		C51CE86719BB7725008099F3 /* Sources */ = {
			isa = PBXSourcesBuildPhase;
			buildActionMask = 2147483647;
			files = (
				C51CE87219BB7725008099F3 /* ContactsTests.swift in Sources */,
			);
			runOnlyForDeploymentPostprocessing = 0;
		};
/* End PBXSourcesBuildPhase section */

/* Begin PBXTargetDependency section */
		C51CE86D19BB7725008099F3 /* PBXTargetDependency */ = {
			isa = PBXTargetDependency;
			target = C51CE85819BB7725008099F3 /* Contacts */;
			targetProxy = C51CE86C19BB7725008099F3 /* PBXContainerItemProxy */;
		};
/* End PBXTargetDependency section */

/* Begin PBXVariantGroup section */
		C51CE86219BB7725008099F3 /* Main.storyboard */ = {
			isa = PBXVariantGroup;
			children = (
				C51CE86319BB7725008099F3 /* Base */,
			);
			name = Main.storyboard;
			sourceTree = "<group>";
		};
/* End PBXVariantGroup section */

/* Begin XCBuildConfiguration section */
		C51CE87319BB7725008099F3 /* Debug */ = {
			isa = XCBuildConfiguration;
			buildSettings = {
				ALWAYS_SEARCH_USER_PATHS = NO;
				CLANG_CXX_LANGUAGE_STANDARD = "gnu++0x";
				CLANG_CXX_LIBRARY = "libc++";
				CLANG_ENABLE_MODULES = YES;
				CLANG_ENABLE_OBJC_ARC = YES;
				CLANG_WARN_BOOL_CONVERSION = YES;
				CLANG_WARN_CONSTANT_CONVERSION = YES;
				CLANG_WARN_DIRECT_OBJC_ISA_USAGE = YES_ERROR;
				CLANG_WARN_EMPTY_BODY = YES;
				CLANG_WARN_ENUM_CONVERSION = YES;
				CLANG_WARN_INT_CONVERSION = YES;
				CLANG_WARN_OBJC_ROOT_CLASS = YES_ERROR;
				CLANG_WARN_UNREACHABLE_CODE = YES;
				CLANG_WARN__DUPLICATE_METHOD_MATCH = YES;
				"CODE_SIGN_IDENTITY[sdk=iphoneos*]" = "iPhone Developer";
				COPY_PHASE_STRIP = NO;
				ENABLE_STRICT_OBJC_MSGSEND = YES;
				GCC_C_LANGUAGE_STANDARD = gnu99;
				GCC_DYNAMIC_NO_PIC = NO;
				GCC_OPTIMIZATION_LEVEL = 0;
				GCC_PREPROCESSOR_DEFINITIONS = (
					"DEBUG=1",
					"$(inherited)",
				);
				GCC_SYMBOLS_PRIVATE_EXTERN = NO;
				GCC_WARN_64_TO_32_BIT_CONVERSION = YES;
				GCC_WARN_ABOUT_RETURN_TYPE = YES_ERROR;
				GCC_WARN_UNDECLARED_SELECTOR = YES;
				GCC_WARN_UNINITIALIZED_AUTOS = YES_AGGRESSIVE;
				GCC_WARN_UNUSED_FUNCTION = YES;
				GCC_WARN_UNUSED_VARIABLE = YES;
				IPHONEOS_DEPLOYMENT_TARGET = 8.0;
				MTL_ENABLE_DEBUG_INFO = YES;
				ONLY_ACTIVE_ARCH = YES;
				SDKROOT = iphoneos;
				SWIFT_OPTIMIZATION_LEVEL = "-Onone";
			};
			name = Debug;
		};
		C51CE87419BB7725008099F3 /* Release */ = {
			isa = XCBuildConfiguration;
			buildSettings = {
				ALWAYS_SEARCH_USER_PATHS = NO;
				CLANG_CXX_LANGUAGE_STANDARD = "gnu++0x";
				CLANG_CXX_LIBRARY = "libc++";
				CLANG_ENABLE_MODULES = YES;
				CLANG_ENABLE_OBJC_ARC = YES;
				CLANG_WARN_BOOL_CONVERSION = YES;
				CLANG_WARN_CONSTANT_CONVERSION = YES;
				CLANG_WARN_DIRECT_OBJC_ISA_USAGE = YES_ERROR;
				CLANG_WARN_EMPTY_BODY = YES;
				CLANG_WARN_ENUM_CONVERSION = YES;
				CLANG_WARN_INT_CONVERSION = YES;
				CLANG_WARN_OBJC_ROOT_CLASS = YES_ERROR;
				CLANG_WARN_UNREACHABLE_CODE = YES;
				CLANG_WARN__DUPLICATE_METHOD_MATCH = YES;
				"CODE_SIGN_IDENTITY[sdk=iphoneos*]" = "iPhone Developer";
				COPY_PHASE_STRIP = YES;
				ENABLE_NS_ASSERTIONS = NO;
				ENABLE_STRICT_OBJC_MSGSEND = YES;
				GCC_C_LANGUAGE_STANDARD = gnu99;
				GCC_WARN_64_TO_32_BIT_CONVERSION = YES;
				GCC_WARN_ABOUT_RETURN_TYPE = YES_ERROR;
				GCC_WARN_UNDECLARED_SELECTOR = YES;
				GCC_WARN_UNINITIALIZED_AUTOS = YES_AGGRESSIVE;
				GCC_WARN_UNUSED_FUNCTION = YES;
				GCC_WARN_UNUSED_VARIABLE = YES;
				IPHONEOS_DEPLOYMENT_TARGET = 8.0;
				MTL_ENABLE_DEBUG_INFO = NO;
				SDKROOT = iphoneos;
				VALIDATE_PRODUCT = YES;
			};
			name = Release;
		};
		C51CE87619BB7725008099F3 /* Debug */ = {
			isa = XCBuildConfiguration;
			buildSettings = {
				ASSETCATALOG_COMPILER_APPICON_NAME = AppIcon;
				ASSETCATALOG_COMPILER_LAUNCHIMAGE_NAME = LaunchImage;
				INFOPLIST_FILE = Contacts/Info.plist;
				LD_RUNPATH_SEARCH_PATHS = "$(inherited) @executable_path/Frameworks";
				PRODUCT_NAME = "$(TARGET_NAME)";
			};
			name = Debug;
		};
		C51CE87719BB7725008099F3 /* Release */ = {
			isa = XCBuildConfiguration;
			buildSettings = {
				ASSETCATALOG_COMPILER_APPICON_NAME = AppIcon;
				ASSETCATALOG_COMPILER_LAUNCHIMAGE_NAME = LaunchImage;
				INFOPLIST_FILE = Contacts/Info.plist;
				LD_RUNPATH_SEARCH_PATHS = "$(inherited) @executable_path/Frameworks";
				PRODUCT_NAME = "$(TARGET_NAME)";
			};
			name = Release;
		};
		C51CE87919BB7725008099F3 /* Debug */ = {
			isa = XCBuildConfiguration;
			buildSettings = {
				BUNDLE_LOADER = "$(TEST_HOST)";
				FRAMEWORK_SEARCH_PATHS = (
					"$(SDKROOT)/Developer/Library/Frameworks",
					"$(inherited)",
				);
				GCC_PREPROCESSOR_DEFINITIONS = (
					"DEBUG=1",
					"$(inherited)",
				);
				INFOPLIST_FILE = ContactsTests/Info.plist;
				LD_RUNPATH_SEARCH_PATHS = "$(inherited) @executable_path/Frameworks @loader_path/Frameworks";
				PRODUCT_NAME = "$(TARGET_NAME)";
				TEST_HOST = "$(BUILT_PRODUCTS_DIR)/Contacts.app/Contacts";
			};
			name = Debug;
		};
		C51CE87A19BB7725008099F3 /* Release */ = {
			isa = XCBuildConfiguration;
			buildSettings = {
				BUNDLE_LOADER = "$(TEST_HOST)";
				FRAMEWORK_SEARCH_PATHS = (
					"$(SDKROOT)/Developer/Library/Frameworks",
					"$(inherited)",
				);
				INFOPLIST_FILE = ContactsTests/Info.plist;
				LD_RUNPATH_SEARCH_PATHS = "$(inherited) @executable_path/Frameworks @loader_path/Frameworks";
				PRODUCT_NAME = "$(TARGET_NAME)";
				TEST_HOST = "$(BUILT_PRODUCTS_DIR)/Contacts.app/Contacts";
			};
			name = Release;
		};
/* End XCBuildConfiguration section */

/* Begin XCConfigurationList section */
		C51CE85419BB7725008099F3 /* Build configuration list for PBXProject "Contacts" */ = {
			isa = XCConfigurationList;
			buildConfigurations = (
				C51CE87319BB7725008099F3 /* Debug */,
				C51CE87419BB7725008099F3 /* Release */,
			);
			defaultConfigurationIsVisible = 0;
			defaultConfigurationName = Release;
		};
		C51CE87519BB7725008099F3 /* Build configuration list for PBXNativeTarget "Contacts" */ = {
			isa = XCConfigurationList;
			buildConfigurations = (
				C51CE87619BB7725008099F3 /* Debug */,
				C51CE87719BB7725008099F3 /* Release */,
			);
			defaultConfigurationIsVisible = 0;
			defaultConfigurationName = Release;
		};
		C51CE87819BB7725008099F3 /* Build configuration list for PBXNativeTarget "ContactsTests" */ = {
			isa = XCConfigurationList;
			buildConfigurations = (
				C51CE87919BB7725008099F3 /* Debug */,
				C51CE87A19BB7725008099F3 /* Release */,
			);
			defaultConfigurationIsVisible = 0;
			defaultConfigurationName = Release;
		};
/* End XCConfigurationList section */
	};
	rootObject = C51CE85119BB7725008099F3 /* Project object */;
}
