// !$*UTF8*$!
{
	archiveVersion = 1;
	classes = {
	};
	objectVersion = 46;
	objects = {

/* Begin PBXBuildFile section */
		C5518D591997D30000172E31 /* AppDelegate.swift in Sources */ = {isa = PBXBuildFile; fileRef = C5518D581997D30000172E31 /* AppDelegate.swift */; };
		C5518D5B1997D30000172E31 /* ViewController.swift in Sources */ = {isa = PBXBuildFile; fileRef = C5518D5A1997D30000172E31 /* ViewController.swift */; };
		C5518D5E1997D30000172E31 /* Main.storyboard in Resources */ = {isa = PBXBuildFile; fileRef = C5518D5C1997D30000172E31 /* Main.storyboard */; };
		C5518D601997D30000172E31 /* Images.xcassets in Resources */ = {isa = PBXBuildFile; fileRef = C5518D5F1997D30000172E31 /* Images.xcassets */; };
		C5518D6C1997D30000172E31 /* FibonacciTests.swift in Sources */ = {isa = PBXBuildFile; fileRef = C5518D6B1997D30000172E31 /* FibonacciTests.swift */; };
		C5518D761997D36700172E31 /* FibonacciModel.swift in Sources */ = {isa = PBXBuildFile; fileRef = C5518D751997D36700172E31 /* FibonacciModel.swift */; };
/* End PBXBuildFile section */

/* Begin PBXContainerItemProxy section */
		C5518D661997D30000172E31 /* PBXContainerItemProxy */ = {
			isa = PBXContainerItemProxy;
			containerPortal = C5518D4B1997D30000172E31 /* Project object */;
			proxyType = 1;
			remoteGlobalIDString = C5518D521997D30000172E31;
			remoteInfo = Fibonacci;
		};
/* End PBXContainerItemProxy section */

/* Begin PBXFileReference section */
		C5518D531997D30000172E31 /* Fibonacci.app */ = {isa = PBXFileReference; explicitFileType = wrapper.application; includeInIndex = 0; path = Fibonacci.app; sourceTree = BUILT_PRODUCTS_DIR; };
		C5518D571997D30000172E31 /* Info.plist */ = {isa = PBXFileReference; lastKnownFileType = text.plist.xml; path = Info.plist; sourceTree = "<group>"; };
		C5518D581997D30000172E31 /* AppDelegate.swift */ = {isa = PBXFileReference; lastKnownFileType = sourcecode.swift; path = AppDelegate.swift; sourceTree = "<group>"; };
		C5518D5A1997D30000172E31 /* ViewController.swift */ = {isa = PBXFileReference; lastKnownFileType = sourcecode.swift; path = ViewController.swift; sourceTree = "<group>"; };
		C5518D5D1997D30000172E31 /* Base */ = {isa = PBXFileReference; lastKnownFileType = file.storyboard; name = Base; path = Base.lproj/Main.storyboard; sourceTree = "<group>"; };
		C5518D5F1997D30000172E31 /* Images.xcassets */ = {isa = PBXFileReference; lastKnownFileType = folder.assetcatalog; path = Images.xcassets; sourceTree = "<group>"; };
		C5518D651997D30000172E31 /* FibonacciTests.xctest */ = {isa = PBXFileReference; explicitFileType = wrapper.cfbundle; includeInIndex = 0; path = FibonacciTests.xctest; sourceTree = BUILT_PRODUCTS_DIR; };
		C5518D6A1997D30000172E31 /* Info.plist */ = {isa = PBXFileReference; lastKnownFileType = text.plist.xml; path = Info.plist; sourceTree = "<group>"; };
		C5518D6B1997D30000172E31 /* FibonacciTests.swift */ = {isa = PBXFileReference; lastKnownFileType = sourcecode.swift; path = FibonacciTests.swift; sourceTree = "<group>"; };
		C5518D751997D36700172E31 /* FibonacciModel.swift */ = {isa = PBXFileReference; fileEncoding = 4; lastKnownFileType = sourcecode.swift; path = FibonacciModel.swift; sourceTree = SOURCE_ROOT; };
/* End PBXFileReference section */

/* Begin PBXFrameworksBuildPhase section */
		C5518D501997D30000172E31 /* Frameworks */ = {
			isa = PBXFrameworksBuildPhase;
			buildActionMask = 2147483647;
			files = (
			);
			runOnlyForDeploymentPostprocessing = 0;
		};
		C5518D621997D30000172E31 /* Frameworks */ = {
			isa = PBXFrameworksBuildPhase;
			buildActionMask = 2147483647;
			files = (
			);
			runOnlyForDeploymentPostprocessing = 0;
		};
/* End PBXFrameworksBuildPhase section */

/* Begin PBXGroup section */
		C5518D4A1997D30000172E31 = {
			isa = PBXGroup;
			children = (
				C5518D551997D30000172E31 /* Fibonacci */,
				C5518D681997D30000172E31 /* FibonacciTests */,
				C5518D541997D30000172E31 /* Products */,
			);
			sourceTree = "<group>";
		};
		C5518D541997D30000172E31 /* Products */ = {
			isa = PBXGroup;
			children = (
				C5518D531997D30000172E31 /* Fibonacci.app */,
				C5518D651997D30000172E31 /* FibonacciTests.xctest */,
			);
			name = Products;
			sourceTree = "<group>";
		};
		C5518D551997D30000172E31 /* Fibonacci */ = {
			isa = PBXGroup;
			children = (
				C5518D751997D36700172E31 /* FibonacciModel.swift */,
				C5518D581997D30000172E31 /* AppDelegate.swift */,
				C5518D5A1997D30000172E31 /* ViewController.swift */,
				C5518D5C1997D30000172E31 /* Main.storyboard */,
				C5518D5F1997D30000172E31 /* Images.xcassets */,
				C5518D561997D30000172E31 /* Supporting Files */,
			);
			path = Fibonacci;
			sourceTree = "<group>";
		};
		C5518D561997D30000172E31 /* Supporting Files */ = {
			isa = PBXGroup;
			children = (
				C5518D571997D30000172E31 /* Info.plist */,
			);
			name = "Supporting Files";
			sourceTree = "<group>";
		};
		C5518D681997D30000172E31 /* FibonacciTests */ = {
			isa = PBXGroup;
			children = (
				C5518D6B1997D30000172E31 /* FibonacciTests.swift */,
				C5518D691997D30000172E31 /* Supporting Files */,
			);
			path = FibonacciTests;
			sourceTree = "<group>";
		};
		C5518D691997D30000172E31 /* Supporting Files */ = {
			isa = PBXGroup;
			children = (
				C5518D6A1997D30000172E31 /* Info.plist */,
			);
			name = "Supporting Files";
			sourceTree = "<group>";
		};
/* End PBXGroup section */

/* Begin PBXNativeTarget section */
		C5518D521997D30000172E31 /* Fibonacci */ = {
			isa = PBXNativeTarget;
			buildConfigurationList = C5518D6F1997D30000172E31 /* Build configuration list for PBXNativeTarget "Fibonacci" */;
			buildPhases = (
				C5518D4F1997D30000172E31 /* Sources */,
				C5518D501997D30000172E31 /* Frameworks */,
				C5518D511997D30000172E31 /* Resources */,
			);
			buildRules = (
			);
			dependencies = (
			);
			name = Fibonacci;
			productName = Fibonacci;
			productReference = C5518D531997D30000172E31 /* Fibonacci.app */;
			productType = "com.apple.product-type.application";
		};
		C5518D641997D30000172E31 /* FibonacciTests */ = {
			isa = PBXNativeTarget;
			buildConfigurationList = C5518D721997D30000172E31 /* Build configuration list for PBXNativeTarget "FibonacciTests" */;
			buildPhases = (
				C5518D611997D30000172E31 /* Sources */,
				C5518D621997D30000172E31 /* Frameworks */,
				C5518D631997D30000172E31 /* Resources */,
			);
			buildRules = (
			);
			dependencies = (
				C5518D671997D30000172E31 /* PBXTargetDependency */,
			);
			name = FibonacciTests;
			productName = FibonacciTests;
			productReference = C5518D651997D30000172E31 /* FibonacciTests.xctest */;
			productType = "com.apple.product-type.bundle.unit-test";
		};
/* End PBXNativeTarget section */

/* Begin PBXProject section */
		C5518D4B1997D30000172E31 /* Project object */ = {
			isa = PBXProject;
			attributes = {
				LastUpgradeCheck = 0600;
				ORGANIZATIONNAME = "Chris Sanders";
				TargetAttributes = {
					C5518D521997D30000172E31 = {
						CreatedOnToolsVersion = 6.0;
					};
					C5518D641997D30000172E31 = {
						CreatedOnToolsVersion = 6.0;
						TestTargetID = C5518D521997D30000172E31;
					};
				};
			};
			buildConfigurationList = C5518D4E1997D30000172E31 /* Build configuration list for PBXProject "Fibonacci" */;
			compatibilityVersion = "Xcode 3.2";
			developmentRegion = English;
			hasScannedForEncodings = 0;
			knownRegions = (
				en,
				Base,
			);
			mainGroup = C5518D4A1997D30000172E31;
			productRefGroup = C5518D541997D30000172E31 /* Products */;
			projectDirPath = "";
			projectRoot = "";
			targets = (
				C5518D521997D30000172E31 /* Fibonacci */,
				C5518D641997D30000172E31 /* FibonacciTests */,
			);
		};
/* End PBXProject section */

/* Begin PBXResourcesBuildPhase section */
		C5518D511997D30000172E31 /* Resources */ = {
			isa = PBXResourcesBuildPhase;
			buildActionMask = 2147483647;
			files = (
				C5518D5E1997D30000172E31 /* Main.storyboard in Resources */,
				C5518D601997D30000172E31 /* Images.xcassets in Resources */,
			);
			runOnlyForDeploymentPostprocessing = 0;
		};
		C5518D631997D30000172E31 /* Resources */ = {
			isa = PBXResourcesBuildPhase;
			buildActionMask = 2147483647;
			files = (
			);
			runOnlyForDeploymentPostprocessing = 0;
		};
/* End PBXResourcesBuildPhase section */

/* Begin PBXSourcesBuildPhase section */
		C5518D4F1997D30000172E31 /* Sources */ = {
			isa = PBXSourcesBuildPhase;
			buildActionMask = 2147483647;
			files = (
				C5518D761997D36700172E31 /* FibonacciModel.swift in Sources */,
				C5518D5B1997D30000172E31 /* ViewController.swift in Sources */,
				C5518D591997D30000172E31 /* AppDelegate.swift in Sources */,
			);
			runOnlyForDeploymentPostprocessing = 0;
		};
		C5518D611997D30000172E31 /* Sources */ = {
			isa = PBXSourcesBuildPhase;
			buildActionMask = 2147483647;
			files = (
				C5518D6C1997D30000172E31 /* FibonacciTests.swift in Sources */,
			);
			runOnlyForDeploymentPostprocessing = 0;
		};
/* End PBXSourcesBuildPhase section */

/* Begin PBXTargetDependency section */
		C5518D671997D30000172E31 /* PBXTargetDependency */ = {
			isa = PBXTargetDependency;
			target = C5518D521997D30000172E31 /* Fibonacci */;
			targetProxy = C5518D661997D30000172E31 /* PBXContainerItemProxy */;
		};
/* End PBXTargetDependency section */

/* Begin PBXVariantGroup section */
		C5518D5C1997D30000172E31 /* Main.storyboard */ = {
			isa = PBXVariantGroup;
			children = (
				C5518D5D1997D30000172E31 /* Base */,
			);
			name = Main.storyboard;
			sourceTree = "<group>";
		};
/* End PBXVariantGroup section */

/* Begin XCBuildConfiguration section */
		C5518D6D1997D30000172E31 /* Debug */ = {
			isa = XCBuildConfiguration;
			buildSettings = {
				ALWAYS_SEARCH_USER_PATHS = NO;
				CLANG_CXX_LANGUAGE_STANDARD = "gnu++0x";
				CLANG_CXX_LIBRARY = "libc++";
				CLANG_ENABLE_MODULES = YES;
				CLANG_ENABLE_OBJC_ARC = YES;
				CLANG_WARN_BOOL_CONVERSION = YES;
				CLANG_WARN_CONSTANT_CONVERSION = YES;
				CLANG_WARN_DIRECT_OBJC_ISA_USAGE = YES_ERROR;
				CLANG_WARN_EMPTY_BODY = YES;
				CLANG_WARN_ENUM_CONVERSION = YES;
				CLANG_WARN_INT_CONVERSION = YES;
				CLANG_WARN_OBJC_ROOT_CLASS = YES_ERROR;
				CLANG_WARN_UNREACHABLE_CODE = YES;
				CLANG_WARN__DUPLICATE_METHOD_MATCH = YES;
				"CODE_SIGN_IDENTITY[sdk=iphoneos*]" = "iPhone Developer";
				COPY_PHASE_STRIP = NO;
				ENABLE_STRICT_OBJC_MSGSEND = YES;
				GCC_C_LANGUAGE_STANDARD = gnu99;
				GCC_DYNAMIC_NO_PIC = NO;
				GCC_OPTIMIZATION_LEVEL = 0;
				GCC_PREPROCESSOR_DEFINITIONS = (
					"DEBUG=1",
					"$(inherited)",
				);
				GCC_SYMBOLS_PRIVATE_EXTERN = NO;
				GCC_WARN_64_TO_32_BIT_CONVERSION = YES;
				GCC_WARN_ABOUT_RETURN_TYPE = YES_ERROR;
				GCC_WARN_UNDECLARED_SELECTOR = YES;
				GCC_WARN_UNINITIALIZED_AUTOS = YES_AGGRESSIVE;
				GCC_WARN_UNUSED_FUNCTION = YES;
				GCC_WARN_UNUSED_VARIABLE = YES;
				IPHONEOS_DEPLOYMENT_TARGET = 8.0;
				MTL_ENABLE_DEBUG_INFO = YES;
				ONLY_ACTIVE_ARCH = YES;
				SDKROOT = iphoneos;
				SWIFT_OPTIMIZATION_LEVEL = "-Onone";
			};
			name = Debug;
		};
		C5518D6E1997D30000172E31 /* Release */ = {
			isa = XCBuildConfiguration;
			buildSettings = {
				ALWAYS_SEARCH_USER_PATHS = NO;
				CLANG_CXX_LANGUAGE_STANDARD = "gnu++0x";
				CLANG_CXX_LIBRARY = "libc++";
				CLANG_ENABLE_MODULES = YES;
				CLANG_ENABLE_OBJC_ARC = YES;
				CLANG_WARN_BOOL_CONVERSION = YES;
				CLANG_WARN_CONSTANT_CONVERSION = YES;
				CLANG_WARN_DIRECT_OBJC_ISA_USAGE = YES_ERROR;
				CLANG_WARN_EMPTY_BODY = YES;
				CLANG_WARN_ENUM_CONVERSION = YES;
				CLANG_WARN_INT_CONVERSION = YES;
				CLANG_WARN_OBJC_ROOT_CLASS = YES_ERROR;
				CLANG_WARN_UNREACHABLE_CODE = YES;
				CLANG_WARN__DUPLICATE_METHOD_MATCH = YES;
				"CODE_SIGN_IDENTITY[sdk=iphoneos*]" = "iPhone Developer";
				COPY_PHASE_STRIP = YES;
				ENABLE_NS_ASSERTIONS = NO;
				ENABLE_STRICT_OBJC_MSGSEND = YES;
				GCC_C_LANGUAGE_STANDARD = gnu99;
				GCC_WARN_64_TO_32_BIT_CONVERSION = YES;
				GCC_WARN_ABOUT_RETURN_TYPE = YES_ERROR;
				GCC_WARN_UNDECLARED_SELECTOR = YES;
				GCC_WARN_UNINITIALIZED_AUTOS = YES_AGGRESSIVE;
				GCC_WARN_UNUSED_FUNCTION = YES;
				GCC_WARN_UNUSED_VARIABLE = YES;
				IPHONEOS_DEPLOYMENT_TARGET = 8.0;
				MTL_ENABLE_DEBUG_INFO = NO;
				SDKROOT = iphoneos;
				VALIDATE_PRODUCT = YES;
			};
			name = Release;
		};
		C5518D701997D30000172E31 /* Debug */ = {
			isa = XCBuildConfiguration;
			buildSettings = {
				ASSETCATALOG_COMPILER_APPICON_NAME = AppIcon;
				ASSETCATALOG_COMPILER_LAUNCHIMAGE_NAME = LaunchImage;
				INFOPLIST_FILE = Fibonacci/Info.plist;
				LD_RUNPATH_SEARCH_PATHS = "$(inherited) @executable_path/Frameworks";
				PRODUCT_NAME = "$(TARGET_NAME)";
			};
			name = Debug;
		};
		C5518D711997D30000172E31 /* Release */ = {
			isa = XCBuildConfiguration;
			buildSettings = {
				ASSETCATALOG_COMPILER_APPICON_NAME = AppIcon;
				ASSETCATALOG_COMPILER_LAUNCHIMAGE_NAME = LaunchImage;
				INFOPLIST_FILE = Fibonacci/Info.plist;
				LD_RUNPATH_SEARCH_PATHS = "$(inherited) @executable_path/Frameworks";
				PRODUCT_NAME = "$(TARGET_NAME)";
			};
			name = Release;
		};
		C5518D731997D30000172E31 /* Debug */ = {
			isa = XCBuildConfiguration;
			buildSettings = {
				BUNDLE_LOADER = "$(TEST_HOST)";
				FRAMEWORK_SEARCH_PATHS = (
					"$(SDKROOT)/Developer/Library/Frameworks",
					"$(inherited)",
				);
				GCC_PREPROCESSOR_DEFINITIONS = (
					"DEBUG=1",
					"$(inherited)",
				);
				INFOPLIST_FILE = FibonacciTests/Info.plist;
				LD_RUNPATH_SEARCH_PATHS = "$(inherited) @executable_path/Frameworks @loader_path/Frameworks";
				PRODUCT_NAME = "$(TARGET_NAME)";
				TEST_HOST = "$(BUILT_PRODUCTS_DIR)/Fibonacci.app/Fibonacci";
			};
			name = Debug;
		};
		C5518D741997D30000172E31 /* Release */ = {
			isa = XCBuildConfiguration;
			buildSettings = {
				BUNDLE_LOADER = "$(TEST_HOST)";
				FRAMEWORK_SEARCH_PATHS = (
					"$(SDKROOT)/Developer/Library/Frameworks",
					"$(inherited)",
				);
				INFOPLIST_FILE = FibonacciTests/Info.plist;
				LD_RUNPATH_SEARCH_PATHS = "$(inherited) @executable_path/Frameworks @loader_path/Frameworks";
				PRODUCT_NAME = "$(TARGET_NAME)";
				TEST_HOST = "$(BUILT_PRODUCTS_DIR)/Fibonacci.app/Fibonacci";
			};
			name = Release;
		};
/* End XCBuildConfiguration section */

/* Begin XCConfigurationList section */
		C5518D4E1997D30000172E31 /* Build configuration list for PBXProject "Fibonacci" */ = {
			isa = XCConfigurationList;
			buildConfigurations = (
				C5518D6D1997D30000172E31 /* Debug */,
				C5518D6E1997D30000172E31 /* Release */,
			);
			defaultConfigurationIsVisible = 0;
			defaultConfigurationName = Release;
		};
		C5518D6F1997D30000172E31 /* Build configuration list for PBXNativeTarget "Fibonacci" */ = {
			isa = XCConfigurationList;
			buildConfigurations = (
				C5518D701997D30000172E31 /* Debug */,
				C5518D711997D30000172E31 /* Release */,
			);
			defaultConfigurationIsVisible = 0;
		};
		C5518D721997D30000172E31 /* Build configuration list for PBXNativeTarget "FibonacciTests" */ = {
			isa = XCConfigurationList;
			buildConfigurations = (
				C5518D731997D30000172E31 /* Debug */,
				C5518D741997D30000172E31 /* Release */,
			);
			defaultConfigurationIsVisible = 0;
		};
/* End XCConfigurationList section */
	};
	rootObject = C5518D4B1997D30000172E31 /* Project object */;
}
